
Microsoft Visual Studio Solution File, Format Version 12.00
# Visual Studio 15
VisualStudioVersion = 15.0.28010.2026
MinimumVisualStudioVersion = 10.0.40219.1
Project("{8BC9CEB8-8B4A-11D0-8D11-00A0C91BC942}") = "Mars_Rover_v1", "Mars_Rover_v1.vcxproj", "{2FABBB11-5967-4054-B80F-9105373BB641}"
EndProject
Global
	GlobalSection(SolutionConfigurationPlatforms) = preSolution
		Debug|x86 = Debug|x86
		Release|x86 = Release|x86
	EndGlobalSection
	GlobalSection(ProjectConfigurationPlatforms) = postSolution
		{2FABBB11-5967-4054-B80F-9105373BB641}.Debug|x86.ActiveCfg = Debug|Win32
		{2FABBB11-5967-4054-B80F-9105373BB641}.Debug|x86.Build.0 = Debug|Win32
		{2FABBB11-5967-4054-B80F-9105373BB641}.Release|x86.ActiveCfg = Release|Win32
		{2FABBB11-5967-4054-B80F-9105373BB641}.Release|x86.Build.0 = Release|Win32
	EndGlobalSection
	GlobalSection(SolutionProperties) = preSolution
		HideSolutionNode = FALSE
	EndGlobalSection
	GlobalSection(ExtensibilityGlobals) = postSolution
		SolutionGuid = {2F4AEBC1-D18B-4433-8326-A7B208B22B72}
	EndGlobalSection
EndGlobal
